
Microsoft Visual Studio Solution File, Format Version 12.00
# Visual Studio Version 17
VisualStudioVersion = 17.11.35312.102
MinimumVisualStudioVersion = 10.0.40219.1
Project("{2150E333-8FDC-42A3-9474-1A3956D46DE8}") = "Task0", "Task0", "{0B7A05D4-F4A4-465B-924B-F93DC3E26085}"
EndProject
Project("{9A19103F-16F7-4668-BE54-9A1E7A4F7556}") = "Tyuiu.EvseevEI.Sprint6.Task0.V9.Test", "Tyuiu.EvseevEI.Sprint6.Task0.V9.Test\Tyuiu.EvseevEI.Sprint6.Task0.V9.Test.csproj", "{0D377958-99B1-436B-B199-6173C0F8EC9E}"
EndProject
Project("{9A19103F-16F7-4668-BE54-9A1E7A4F7556}") = "Tyuiu.EvseevEI.Sprint6.Task0.V9.Lib", "Tyuiu.EvseevEI.Sprint6.Task0.V9.Lib\Tyuiu.EvseevEI.Sprint6.Task0.V9.Lib.csproj", "{947CA1EE-ACCB-450C-AF99-547A58948B1B}"
EndProject
Project("{FAE04EC0-301F-11D3-BF4B-00C04F79EFBC}") = "Tyuiu.EvseevEI.Sprint6.Task0.V9", "Tyuiu.EvseevEI.Sprint6.Task0.V9\Tyuiu.EvseevEI.Sprint6.Task0.V9.csproj", "{2A879618-2521-48F0-A7A1-DFEFE2B171CA}"
EndProject
Global
	GlobalSection(SolutionConfigurationPlatforms) = preSolution
		Debug|Any CPU = Debug|Any CPU
		Release|Any CPU = Release|Any CPU
	EndGlobalSection
	GlobalSection(ProjectConfigurationPlatforms) = postSolution
		{0D377958-99B1-436B-B199-6173C0F8EC9E}.Debug|Any CPU.ActiveCfg = Debug|Any CPU
		{0D377958-99B1-436B-B199-6173C0F8EC9E}.Debug|Any CPU.Build.0 = Debug|Any CPU
		{0D377958-99B1-436B-B199-6173C0F8EC9E}.Release|Any CPU.ActiveCfg = Release|Any CPU
		{0D377958-99B1-436B-B199-6173C0F8EC9E}.Release|Any CPU.Build.0 = Release|Any CPU
		{947CA1EE-ACCB-450C-AF99-547A58948B1B}.Debug|Any CPU.ActiveCfg = Debug|Any CPU
		{947CA1EE-ACCB-450C-AF99-547A58948B1B}.Debug|Any CPU.Build.0 = Debug|Any CPU
		{947CA1EE-ACCB-450C-AF99-547A58948B1B}.Release|Any CPU.ActiveCfg = Release|Any CPU
		{947CA1EE-ACCB-450C-AF99-547A58948B1B}.Release|Any CPU.Build.0 = Release|Any CPU
		{2A879618-2521-48F0-A7A1-DFEFE2B171CA}.Debug|Any CPU.ActiveCfg = Debug|Any CPU
		{2A879618-2521-48F0-A7A1-DFEFE2B171CA}.Debug|Any CPU.Build.0 = Debug|Any CPU
		{2A879618-2521-48F0-A7A1-DFEFE2B171CA}.Release|Any CPU.ActiveCfg = Release|Any CPU
		{2A879618-2521-48F0-A7A1-DFEFE2B171CA}.Release|Any CPU.Build.0 = Release|Any CPU
	EndGlobalSection
	GlobalSection(SolutionProperties) = preSolution
		HideSolutionNode = FALSE
	EndGlobalSection
	GlobalSection(NestedProjects) = preSolution
		{0D377958-99B1-436B-B199-6173C0F8EC9E} = {0B7A05D4-F4A4-465B-924B-F93DC3E26085}
		{947CA1EE-ACCB-450C-AF99-547A58948B1B} = {0B7A05D4-F4A4-465B-924B-F93DC3E26085}
		{2A879618-2521-48F0-A7A1-DFEFE2B171CA} = {0B7A05D4-F4A4-465B-924B-F93DC3E26085}
	EndGlobalSection
	GlobalSection(ExtensibilityGlobals) = postSolution
		SolutionGuid = {7A3CF559-C898-405B-BABB-A91F5FA6509F}
	EndGlobalSection
EndGlobal
