
Microsoft Visual Studio Solution File, Format Version 12.00
# Visual Studio Version 17
VisualStudioVersion = 17.11.35312.102
MinimumVisualStudioVersion = 10.0.40219.1
Project("{2150E333-8FDC-42A3-9474-1A3956D46DE8}") = "Task0", "Task0", "{0B7A05D4-F4A4-465B-924B-F93DC3E26085}"
EndProject
Project("{9A19103F-16F7-4668-BE54-9A1E7A4F7556}") = "Tyuiu.EvseevEI.Sprint6.Task0.V9.Test", "Tyuiu.EvseevEI.Sprint6.Task0.V9.Test\Tyuiu.EvseevEI.Sprint6.Task0.V9.Test.csproj", "{0D377958-99B1-436B-B199-6173C0F8EC9E}"
EndProject
Project("{9A19103F-16F7-4668-BE54-9A1E7A4F7556}") = "Tyuiu.EvseevEI.Sprint6.Task0.V9.Lib", "Tyuiu.EvseevEI.Sprint6.Task0.V9.Lib\Tyuiu.EvseevEI.Sprint6.Task0.V9.Lib.csproj", "{947CA1EE-ACCB-450C-AF99-547A58948B1B}"
EndProject
Project("{9A19103F-16F7-4668-BE54-9A1E7A4F7556}") = "Tyuiu.EvseevEI.Sprint6.Task0.V9", "Tyuiu.EvseevEI.Sprint6.Task0.V9\Tyuiu.EvseevEI.Sprint6.Task0.V9.csproj", "{2A879618-2521-48F0-A7A1-DFEFE2B171CA}"
EndProject
Project("{2150E333-8FDC-42A3-9474-1A3956D46DE8}") = "Task1", "Task1", "{0B016796-BC1B-43FF-AC55-3F4A2AC26666}"
EndProject
Project("{9A19103F-16F7-4668-BE54-9A1E7A4F7556}") = "Tyuiu.EvseevEI.Sprint6.Task1.V8.Test", "Tyuiu.EvseevEI.Sprint6.Task1.V8.Test\Tyuiu.EvseevEI.Sprint6.Task1.V8.Test.csproj", "{1C8E2A10-1CD0-44A9-8B80-C90C3D915E07}"
EndProject
Project("{9A19103F-16F7-4668-BE54-9A1E7A4F7556}") = "Tyuiu.EvseevEI.Sprint6.Task1.V8.Lib", "Tyuiu.EvseevEI.Sprint6.Task1.V8.Lib\Tyuiu.EvseevEI.Sprint6.Task1.V8.Lib.csproj", "{0CC2188E-9403-45A0-AFEF-D0CAC01AEED1}"
EndProject
Project("{9A19103F-16F7-4668-BE54-9A1E7A4F7556}") = "Tyuiu.EvseevEI.Sprint6.Task1.V8", "Tyuiu.EvseevEI.Sprint6.Task1.V8\Tyuiu.EvseevEI.Sprint6.Task1.V8.csproj", "{04767CBB-7B37-47D3-AC9A-C4BE56A6A650}"
EndProject
Project("{2150E333-8FDC-42A3-9474-1A3956D46DE8}") = "Task2", "Task2", "{2E033A90-632A-4DE7-8369-BE804F63C9FB}"
EndProject
Project("{9A19103F-16F7-4668-BE54-9A1E7A4F7556}") = "Tyuiu.EvseevEI.Sprint6.Task2.V18", "Tyuiu.EvseevEI.Sprint6.Task2.V18\Tyuiu.EvseevEI.Sprint6.Task2.V18.csproj", "{6EEDFBD3-5A21-458F-A5D6-4044A024EBE4}"
EndProject
Project("{9A19103F-16F7-4668-BE54-9A1E7A4F7556}") = "Tyuiu.EvseevEI.Sprint6.Task2.V18.Test", "Tyuiu.EvseevEI.Sprint6.Task2.V18.Test\Tyuiu.EvseevEI.Sprint6.Task2.V18.Test.csproj", "{CC3D48FC-B241-4FE0-B08B-0CFB65D3471D}"
EndProject
Project("{9A19103F-16F7-4668-BE54-9A1E7A4F7556}") = "Tyuiu.EvseevEI.Sprint6.Task2.V18.Lib", "Tyuiu.EvseevEI.Sprint6.Task2.V18.Lib\Tyuiu.EvseevEI.Sprint6.Task2.V18.Lib.csproj", "{712849E5-0BC3-44A7-8FE7-EC3595EFB002}"
EndProject
Project("{2150E333-8FDC-42A3-9474-1A3956D46DE8}") = "Task3", "Task3", "{3B2776BF-7AC9-4855-9F12-954FECE6D1D2}"
EndProject
Project("{2150E333-8FDC-42A3-9474-1A3956D46DE8}") = "Task4", "Task4", "{6ECA7EAD-56A7-4D25-8D3F-DEB04340552F}"
EndProject
Project("{2150E333-8FDC-42A3-9474-1A3956D46DE8}") = "Task5", "Task5", "{55FDBE47-E5D7-4D39-A945-76E24E5AB9E6}"
EndProject
Project("{2150E333-8FDC-42A3-9474-1A3956D46DE8}") = "Task6", "Task6", "{26BD2124-DFCC-481F-B47F-3036EEF85119}"
EndProject
Project("{2150E333-8FDC-42A3-9474-1A3956D46DE8}") = "Task7", "Task7", "{07038E8D-F155-4F44-A6F0-61566C6FDA3D}"
EndProject
Project("{FAE04EC0-301F-11D3-BF4B-00C04F79EFBC}") = "Tyuiu.EvseevEI.Sprint6.Task3.V19", "Tyuiu.EvseevEI.Sprint6.Task3.V19\Tyuiu.EvseevEI.Sprint6.Task3.V19.csproj", "{16F83BC8-DCF9-47B3-A0A0-2A724D859395}"
EndProject
Project("{FAE04EC0-301F-11D3-BF4B-00C04F79EFBC}") = "Tyuiu.EvseevEI.Sprint6.Task3.V19.Test", "Tyuiu.EvseevEI.Sprint6.Task3.V19.Test\Tyuiu.EvseevEI.Sprint6.Task3.V19.Test.csproj", "{6CCD037A-C32C-4CB7-B255-A6501F5157BB}"
EndProject
Project("{FAE04EC0-301F-11D3-BF4B-00C04F79EFBC}") = "Tyuiu.EvseevEI.Sprint6.Task3.V19.Lib", "Tyuiu.EvseevEI.Sprint6.Task3.V19.Lib\Tyuiu.EvseevEI.Sprint6.Task3.V19.Lib.csproj", "{3F929326-180C-4229-8B07-F5FAE2AC866B}"
EndProject
Project("{FAE04EC0-301F-11D3-BF4B-00C04F79EFBC}") = "Tyuiu.EvseevEI.Sprint6.Task4.V17", "Tyuiu.EvseevEI.Sprint6.Task4.V17\Tyuiu.EvseevEI.Sprint6.Task4.V17.csproj", "{6F5F3971-65C9-4F40-A892-21A23C9A404D}"
EndProject
Project("{FAE04EC0-301F-11D3-BF4B-00C04F79EFBC}") = "Tyuiu.EvseevEI.Sprint6.Task4.V17.Test", "Tyuiu.EvseevEI.Sprint6.Task4.V17.Test\Tyuiu.EvseevEI.Sprint6.Task4.V17.Test.csproj", "{432A7F9E-796A-4FE0-A080-3333D2E4981D}"
EndProject
Project("{FAE04EC0-301F-11D3-BF4B-00C04F79EFBC}") = "Tyuiu.EvseevEI.Sprint6.Task4.V17.Lib", "Tyuiu.EvseevEI.Sprint6.Task4.V17.Lib\Tyuiu.EvseevEI.Sprint6.Task4.V17.Lib.csproj", "{9C16BD8D-44EF-4FDE-86D3-55E9FA3A3782}"
EndProject
Global
	GlobalSection(SolutionConfigurationPlatforms) = preSolution
		Debug|Any CPU = Debug|Any CPU
		Release|Any CPU = Release|Any CPU
	EndGlobalSection
	GlobalSection(ProjectConfigurationPlatforms) = postSolution
		{0D377958-99B1-436B-B199-6173C0F8EC9E}.Debug|Any CPU.ActiveCfg = Debug|Any CPU
		{0D377958-99B1-436B-B199-6173C0F8EC9E}.Debug|Any CPU.Build.0 = Debug|Any CPU
		{0D377958-99B1-436B-B199-6173C0F8EC9E}.Release|Any CPU.ActiveCfg = Release|Any CPU
		{0D377958-99B1-436B-B199-6173C0F8EC9E}.Release|Any CPU.Build.0 = Release|Any CPU
		{947CA1EE-ACCB-450C-AF99-547A58948B1B}.Debug|Any CPU.ActiveCfg = Debug|Any CPU
		{947CA1EE-ACCB-450C-AF99-547A58948B1B}.Debug|Any CPU.Build.0 = Debug|Any CPU
		{947CA1EE-ACCB-450C-AF99-547A58948B1B}.Release|Any CPU.ActiveCfg = Release|Any CPU
		{947CA1EE-ACCB-450C-AF99-547A58948B1B}.Release|Any CPU.Build.0 = Release|Any CPU
		{2A879618-2521-48F0-A7A1-DFEFE2B171CA}.Debug|Any CPU.ActiveCfg = Debug|Any CPU
		{2A879618-2521-48F0-A7A1-DFEFE2B171CA}.Debug|Any CPU.Build.0 = Debug|Any CPU
		{2A879618-2521-48F0-A7A1-DFEFE2B171CA}.Release|Any CPU.ActiveCfg = Release|Any CPU
		{2A879618-2521-48F0-A7A1-DFEFE2B171CA}.Release|Any CPU.Build.0 = Release|Any CPU
		{1C8E2A10-1CD0-44A9-8B80-C90C3D915E07}.Debug|Any CPU.ActiveCfg = Debug|Any CPU
		{1C8E2A10-1CD0-44A9-8B80-C90C3D915E07}.Debug|Any CPU.Build.0 = Debug|Any CPU
		{1C8E2A10-1CD0-44A9-8B80-C90C3D915E07}.Release|Any CPU.ActiveCfg = Release|Any CPU
		{1C8E2A10-1CD0-44A9-8B80-C90C3D915E07}.Release|Any CPU.Build.0 = Release|Any CPU
		{0CC2188E-9403-45A0-AFEF-D0CAC01AEED1}.Debug|Any CPU.ActiveCfg = Debug|Any CPU
		{0CC2188E-9403-45A0-AFEF-D0CAC01AEED1}.Debug|Any CPU.Build.0 = Debug|Any CPU
		{0CC2188E-9403-45A0-AFEF-D0CAC01AEED1}.Release|Any CPU.ActiveCfg = Release|Any CPU
		{0CC2188E-9403-45A0-AFEF-D0CAC01AEED1}.Release|Any CPU.Build.0 = Release|Any CPU
		{04767CBB-7B37-47D3-AC9A-C4BE56A6A650}.Debug|Any CPU.ActiveCfg = Debug|Any CPU
		{04767CBB-7B37-47D3-AC9A-C4BE56A6A650}.Debug|Any CPU.Build.0 = Debug|Any CPU
		{04767CBB-7B37-47D3-AC9A-C4BE56A6A650}.Release|Any CPU.ActiveCfg = Release|Any CPU
		{04767CBB-7B37-47D3-AC9A-C4BE56A6A650}.Release|Any CPU.Build.0 = Release|Any CPU
		{6EEDFBD3-5A21-458F-A5D6-4044A024EBE4}.Debug|Any CPU.ActiveCfg = Debug|Any CPU
		{6EEDFBD3-5A21-458F-A5D6-4044A024EBE4}.Debug|Any CPU.Build.0 = Debug|Any CPU
		{6EEDFBD3-5A21-458F-A5D6-4044A024EBE4}.Release|Any CPU.ActiveCfg = Release|Any CPU
		{6EEDFBD3-5A21-458F-A5D6-4044A024EBE4}.Release|Any CPU.Build.0 = Release|Any CPU
		{CC3D48FC-B241-4FE0-B08B-0CFB65D3471D}.Debug|Any CPU.ActiveCfg = Debug|Any CPU
		{CC3D48FC-B241-4FE0-B08B-0CFB65D3471D}.Debug|Any CPU.Build.0 = Debug|Any CPU
		{CC3D48FC-B241-4FE0-B08B-0CFB65D3471D}.Release|Any CPU.ActiveCfg = Release|Any CPU
		{CC3D48FC-B241-4FE0-B08B-0CFB65D3471D}.Release|Any CPU.Build.0 = Release|Any CPU
		{712849E5-0BC3-44A7-8FE7-EC3595EFB002}.Debug|Any CPU.ActiveCfg = Debug|Any CPU
		{712849E5-0BC3-44A7-8FE7-EC3595EFB002}.Debug|Any CPU.Build.0 = Debug|Any CPU
		{712849E5-0BC3-44A7-8FE7-EC3595EFB002}.Release|Any CPU.ActiveCfg = Release|Any CPU
		{712849E5-0BC3-44A7-8FE7-EC3595EFB002}.Release|Any CPU.Build.0 = Release|Any CPU
		{16F83BC8-DCF9-47B3-A0A0-2A724D859395}.Debug|Any CPU.ActiveCfg = Debug|Any CPU
		{16F83BC8-DCF9-47B3-A0A0-2A724D859395}.Debug|Any CPU.Build.0 = Debug|Any CPU
		{16F83BC8-DCF9-47B3-A0A0-2A724D859395}.Release|Any CPU.ActiveCfg = Release|Any CPU
		{16F83BC8-DCF9-47B3-A0A0-2A724D859395}.Release|Any CPU.Build.0 = Release|Any CPU
		{6CCD037A-C32C-4CB7-B255-A6501F5157BB}.Debug|Any CPU.ActiveCfg = Debug|Any CPU
		{6CCD037A-C32C-4CB7-B255-A6501F5157BB}.Debug|Any CPU.Build.0 = Debug|Any CPU
		{6CCD037A-C32C-4CB7-B255-A6501F5157BB}.Release|Any CPU.ActiveCfg = Release|Any CPU
		{6CCD037A-C32C-4CB7-B255-A6501F5157BB}.Release|Any CPU.Build.0 = Release|Any CPU
		{3F929326-180C-4229-8B07-F5FAE2AC866B}.Debug|Any CPU.ActiveCfg = Debug|Any CPU
		{3F929326-180C-4229-8B07-F5FAE2AC866B}.Debug|Any CPU.Build.0 = Debug|Any CPU
		{3F929326-180C-4229-8B07-F5FAE2AC866B}.Release|Any CPU.ActiveCfg = Release|Any CPU
		{3F929326-180C-4229-8B07-F5FAE2AC866B}.Release|Any CPU.Build.0 = Release|Any CPU
		{6F5F3971-65C9-4F40-A892-21A23C9A404D}.Debug|Any CPU.ActiveCfg = Debug|Any CPU
		{6F5F3971-65C9-4F40-A892-21A23C9A404D}.Debug|Any CPU.Build.0 = Debug|Any CPU
		{6F5F3971-65C9-4F40-A892-21A23C9A404D}.Release|Any CPU.ActiveCfg = Release|Any CPU
		{6F5F3971-65C9-4F40-A892-21A23C9A404D}.Release|Any CPU.Build.0 = Release|Any CPU
		{432A7F9E-796A-4FE0-A080-3333D2E4981D}.Debug|Any CPU.ActiveCfg = Debug|Any CPU
		{432A7F9E-796A-4FE0-A080-3333D2E4981D}.Debug|Any CPU.Build.0 = Debug|Any CPU
		{432A7F9E-796A-4FE0-A080-3333D2E4981D}.Release|Any CPU.ActiveCfg = Release|Any CPU
		{432A7F9E-796A-4FE0-A080-3333D2E4981D}.Release|Any CPU.Build.0 = Release|Any CPU
		{9C16BD8D-44EF-4FDE-86D3-55E9FA3A3782}.Debug|Any CPU.ActiveCfg = Debug|Any CPU
		{9C16BD8D-44EF-4FDE-86D3-55E9FA3A3782}.Debug|Any CPU.Build.0 = Debug|Any CPU
		{9C16BD8D-44EF-4FDE-86D3-55E9FA3A3782}.Release|Any CPU.ActiveCfg = Release|Any CPU
		{9C16BD8D-44EF-4FDE-86D3-55E9FA3A3782}.Release|Any CPU.Build.0 = Release|Any CPU
	EndGlobalSection
	GlobalSection(SolutionProperties) = preSolution
		HideSolutionNode = FALSE
	EndGlobalSection
	GlobalSection(NestedProjects) = preSolution
		{0D377958-99B1-436B-B199-6173C0F8EC9E} = {0B7A05D4-F4A4-465B-924B-F93DC3E26085}
		{947CA1EE-ACCB-450C-AF99-547A58948B1B} = {0B7A05D4-F4A4-465B-924B-F93DC3E26085}
		{2A879618-2521-48F0-A7A1-DFEFE2B171CA} = {0B7A05D4-F4A4-465B-924B-F93DC3E26085}
		{1C8E2A10-1CD0-44A9-8B80-C90C3D915E07} = {0B016796-BC1B-43FF-AC55-3F4A2AC26666}
		{0CC2188E-9403-45A0-AFEF-D0CAC01AEED1} = {0B016796-BC1B-43FF-AC55-3F4A2AC26666}
		{04767CBB-7B37-47D3-AC9A-C4BE56A6A650} = {0B016796-BC1B-43FF-AC55-3F4A2AC26666}
		{6EEDFBD3-5A21-458F-A5D6-4044A024EBE4} = {2E033A90-632A-4DE7-8369-BE804F63C9FB}
		{CC3D48FC-B241-4FE0-B08B-0CFB65D3471D} = {2E033A90-632A-4DE7-8369-BE804F63C9FB}
		{712849E5-0BC3-44A7-8FE7-EC3595EFB002} = {2E033A90-632A-4DE7-8369-BE804F63C9FB}
		{16F83BC8-DCF9-47B3-A0A0-2A724D859395} = {3B2776BF-7AC9-4855-9F12-954FECE6D1D2}
		{6CCD037A-C32C-4CB7-B255-A6501F5157BB} = {3B2776BF-7AC9-4855-9F12-954FECE6D1D2}
		{3F929326-180C-4229-8B07-F5FAE2AC866B} = {3B2776BF-7AC9-4855-9F12-954FECE6D1D2}
		{6F5F3971-65C9-4F40-A892-21A23C9A404D} = {6ECA7EAD-56A7-4D25-8D3F-DEB04340552F}
		{432A7F9E-796A-4FE0-A080-3333D2E4981D} = {6ECA7EAD-56A7-4D25-8D3F-DEB04340552F}
		{9C16BD8D-44EF-4FDE-86D3-55E9FA3A3782} = {6ECA7EAD-56A7-4D25-8D3F-DEB04340552F}
	EndGlobalSection
	GlobalSection(ExtensibilityGlobals) = postSolution
		SolutionGuid = {7A3CF559-C898-405B-BABB-A91F5FA6509F}
	EndGlobalSection
EndGlobal
